
Microsoft Visual Studio Solution File, Format Version 12.00
# Visual Studio 15
VisualStudioVersion = 15.0.27130.2010
MinimumVisualStudioVersion = 10.0.40219.1
Project("{2150E333-8FDC-42A3-9474-1A3956D46DE8}") = "Solution Items", "Solution Items", "{7496CF50-A37F-4783-BBEF-86968A217588}"
	ProjectSection(SolutionItems) = preProject
		README.MD = README.MD
	EndProjectSection
EndProject
Project("{FAE04EC0-301F-11D3-BF4B-00C04F79EFBC}") = "GarupaCard.WPF", "GarupaCard.WPF\GarupaCard.WPF.csproj", "{935851B8-4254-4C29-9EBF-439739B02FFC}"
EndProject
Project("{FAE04EC0-301F-11D3-BF4B-00C04F79EFBC}") = "GarupaCard.Console", "GarupaCard.Console\GarupaCard.Console.csproj", "{E67A3482-BA30-43A5-837F-DA5E0FBDB956}"
EndProject
Project("{FAE04EC0-301F-11D3-BF4B-00C04F79EFBC}") = "GarupaCard.Shared", "GarupaCard.Shared\GarupaCard.Shared.csproj", "{E9E2B25B-1FFC-454A-B63B-94509557CD17}"
EndProject
Global
	GlobalSection(SolutionConfigurationPlatforms) = preSolution
		Debug|Any CPU = Debug|Any CPU
		Release|Any CPU = Release|Any CPU
	EndGlobalSection
	GlobalSection(ProjectConfigurationPlatforms) = postSolution
		{935851B8-4254-4C29-9EBF-439739B02FFC}.Debug|Any CPU.ActiveCfg = Debug|Any CPU
		{935851B8-4254-4C29-9EBF-439739B02FFC}.Debug|Any CPU.Build.0 = Debug|Any CPU
		{935851B8-4254-4C29-9EBF-439739B02FFC}.Release|Any CPU.ActiveCfg = Release|Any CPU
		{935851B8-4254-4C29-9EBF-439739B02FFC}.Release|Any CPU.Build.0 = Release|Any CPU
		{E67A3482-BA30-43A5-837F-DA5E0FBDB956}.Debug|Any CPU.ActiveCfg = Debug|Any CPU
		{E67A3482-BA30-43A5-837F-DA5E0FBDB956}.Debug|Any CPU.Build.0 = Debug|Any CPU
		{E67A3482-BA30-43A5-837F-DA5E0FBDB956}.Release|Any CPU.ActiveCfg = Release|Any CPU
		{E67A3482-BA30-43A5-837F-DA5E0FBDB956}.Release|Any CPU.Build.0 = Release|Any CPU
		{E9E2B25B-1FFC-454A-B63B-94509557CD17}.Debug|Any CPU.ActiveCfg = Debug|Any CPU
		{E9E2B25B-1FFC-454A-B63B-94509557CD17}.Debug|Any CPU.Build.0 = Debug|Any CPU
		{E9E2B25B-1FFC-454A-B63B-94509557CD17}.Release|Any CPU.ActiveCfg = Release|Any CPU
		{E9E2B25B-1FFC-454A-B63B-94509557CD17}.Release|Any CPU.Build.0 = Release|Any CPU
	EndGlobalSection
	GlobalSection(SolutionProperties) = preSolution
		HideSolutionNode = FALSE
	EndGlobalSection
	GlobalSection(ExtensibilityGlobals) = postSolution
		SolutionGuid = {C00A6D24-F617-43A1-9A8C-BC36D645B907}
	EndGlobalSection
EndGlobal
